
Microsoft Visual Studio Solution File, Format Version 12.00
# Visual Studio Version 16
VisualStudioVersion = 16.0.29318.209
MinimumVisualStudioVersion = 10.0.40219.1
Project("{FAE04EC0-301F-11D3-BF4B-00C04F79EFBC}") = "StrategyPattern", "StrategyPattern\StrategyPattern.csproj", "{D6DA8F62-5089-48BD-BFB2-3961E434DE4E}"
EndProject
Global
	GlobalSection(SolutionConfigurationPlatforms) = preSolution
		Debug|Any CPU = Debug|Any CPU
		Release|Any CPU = Release|Any CPU
	EndGlobalSection
	GlobalSection(ProjectConfigurationPlatforms) = postSolution
		{D6DA8F62-5089-48BD-BFB2-3961E434DE4E}.Debug|Any CPU.ActiveCfg = Debug|Any CPU
		{D6DA8F62-5089-48BD-BFB2-3961E434DE4E}.Debug|Any CPU.Build.0 = Debug|Any CPU
		{D6DA8F62-5089-48BD-BFB2-3961E434DE4E}.Release|Any CPU.ActiveCfg = Release|Any CPU
		{D6DA8F62-5089-48BD-BFB2-3961E434DE4E}.Release|Any CPU.Build.0 = Release|Any CPU
	EndGlobalSection
	GlobalSection(SolutionProperties) = preSolution
		HideSolutionNode = FALSE
	EndGlobalSection
	GlobalSection(ExtensibilityGlobals) = postSolution
		SolutionGuid = {9242B639-066B-46CC-A469-D835CA03426D}
	EndGlobalSection
EndGlobal
